<?xml version="1.0" encoding="utf-8"?>
<Project ToolsVersion="4.0" xmlns="http://schemas.microsoft.com/developer/msbuild/2003">
  <ItemGroup>
    <Filter Include="Header Files">
      <UniqueIdentifier>{A115B024-8125-4C1F-99E0-5DE7075786F3}</UniqueIdentifier>
    </Filter>
    <Filter Include="Source Files">
      <UniqueIdentifier>{BD6D4A83-43B8-40C4-8C4D-1B595B6B1C3D}</UniqueIdentifier>
    </Filter>
  </ItemGroup>
  <ItemGroup>
    <ClInclude Include="include\Engine\Application.h">
      <Filter>Header Files</Filter>
    </ClInclude>
    <ClInclude Include="include\Engine\Color.h">
      <Filter>Header Files</Filter>
    </ClInclude>
    <ClInclude Include="include\Engine\DataStore.h">
      <Filter>Header Files</Filter>
    </ClInclude>
    <ClInclude Include="include\Engine\Input.h">
      <Filter>Header Files</Filter>
    </ClInclude>
    <ClInclude Include="include\Engine\MathTypes.h">
      <Filter>Header Files</Filter>
    </ClInclude>
    <ClInclude Include="include\Engine\Renderer2D.h">
      <Filter>Header Files</Filter>
    </ClInclude>
    <ClInclude Include="include\Engine\ScopedTimer.h">
      <Filter>Header Files</Filter>
    </ClInclude>
    <ClInclude Include="include\Engine\StringUtil.h">
      <Filter>Header Files</Filter>
    </ClInclude>
    <ClInclude Include="include\Engine\Time.h">
      <Filter>Header Files</Filter>
    </ClInclude>
    <ClInclude Include="include\Engine\Window.h">
      <Filter>Header Files</Filter>
    </ClInclude>
  </ItemGroup>
  <ItemGroup>
    <ClCompile Include="src\Application.cpp">
      <Filter>Source Files</Filter>
    </ClCompile>
    <ClCompile Include="src\Input.cpp">
      <Filter>Source Files</Filter>
    </ClCompile>
    <ClCompile Include="src\DataStore.cpp">
      <Filter>Source Files</Filter>
    </ClCompile>
    <ClCompile Include="src\Renderer2D.cpp">
      <Filter>Source Files</Filter>
    </ClCompile>
    <ClCompile Include="src\Time.cpp">
      <Filter>Source Files</Filter>
    </ClCompile>
    <ClCompile Include="src\StringUtil.cpp">
      <Filter>Source Files</Filter>
    </ClCompile>
    <ClCompile Include="src\ScopedTimer.cpp">
      <Filter>Source Files</Filter>
    </ClCompile>
    <ClCompile Include="src\Window.cpp">
      <Filter>Source Files</Filter>
    </ClCompile>
  </ItemGroup>
</Project>
